
Microsoft Visual Studio Solution File, Format Version 12.00
Project("{FAE04EC0-301F-11D3-BF4B-00C04F79EFBC}") = "ThorAPI", "ThorAPI\ThorAPI.csproj", "{1921C151-5F3D-4190-8CE4-131A410DD459}"
EndProject
Global
	GlobalSection(SolutionConfigurationPlatforms) = preSolution
		Debug|Any CPU = Debug|Any CPU
		Release|Any CPU = Release|Any CPU
	EndGlobalSection
	GlobalSection(ProjectConfigurationPlatforms) = postSolution
		{1921C151-5F3D-4190-8CE4-131A410DD459}.Debug|Any CPU.ActiveCfg = Debug|Any CPU
		{1921C151-5F3D-4190-8CE4-131A410DD459}.Debug|Any CPU.Build.0 = Debug|Any CPU
		{1921C151-5F3D-4190-8CE4-131A410DD459}.Release|Any CPU.ActiveCfg = Release|Any CPU
		{1921C151-5F3D-4190-8CE4-131A410DD459}.Release|Any CPU.Build.0 = Release|Any CPU
	EndGlobalSection
EndGlobal
